
Microsoft Visual Studio Solution File, Format Version 12.00
# Visual Studio Version 16
VisualStudioVersion = 16.0.30523.141
MinimumVisualStudioVersion = 10.0.40219.1
Project("{2150E333-8FDC-42A3-9474-1A3956D46DE8}") = "Microservices", "Microservices", "{9374C67C-03D0-4CA3-967B-96A429CC805D}"
EndProject
Project("{FAE04EC0-301F-11D3-BF4B-00C04F79EFBC}") = "Employee.Microservices", "Employee.Microservices\Employee.Microservices.csproj", "{CBDB6C02-5B6A-45E9-86BF-243E8D131DB2}"
EndProject
Project("{FAE04EC0-301F-11D3-BF4B-00C04F79EFBC}") = "Department.Microservices", "Department.Microservices\Department.Microservices.csproj", "{B3B8A4FB-C6DB-4851-9E87-FBE547DB316B}"
EndProject
Project("{FAE04EC0-301F-11D3-BF4B-00C04F79EFBC}") = "Gateway.WebAPI", "Gateway.WebAPI\Gateway.WebAPI.csproj", "{AC9DF9B4-3122-4F63-9BF9-F4752AA35A82}"
EndProject
Global
	GlobalSection(SolutionConfigurationPlatforms) = preSolution
		Debug|Any CPU = Debug|Any CPU
		Release|Any CPU = Release|Any CPU
	EndGlobalSection
	GlobalSection(ProjectConfigurationPlatforms) = postSolution
		{CBDB6C02-5B6A-45E9-86BF-243E8D131DB2}.Debug|Any CPU.ActiveCfg = Debug|Any CPU
		{CBDB6C02-5B6A-45E9-86BF-243E8D131DB2}.Debug|Any CPU.Build.0 = Debug|Any CPU
		{CBDB6C02-5B6A-45E9-86BF-243E8D131DB2}.Release|Any CPU.ActiveCfg = Release|Any CPU
		{CBDB6C02-5B6A-45E9-86BF-243E8D131DB2}.Release|Any CPU.Build.0 = Release|Any CPU
		{B3B8A4FB-C6DB-4851-9E87-FBE547DB316B}.Debug|Any CPU.ActiveCfg = Debug|Any CPU
		{B3B8A4FB-C6DB-4851-9E87-FBE547DB316B}.Debug|Any CPU.Build.0 = Debug|Any CPU
		{B3B8A4FB-C6DB-4851-9E87-FBE547DB316B}.Release|Any CPU.ActiveCfg = Release|Any CPU
		{B3B8A4FB-C6DB-4851-9E87-FBE547DB316B}.Release|Any CPU.Build.0 = Release|Any CPU
		{AC9DF9B4-3122-4F63-9BF9-F4752AA35A82}.Debug|Any CPU.ActiveCfg = Debug|Any CPU
		{AC9DF9B4-3122-4F63-9BF9-F4752AA35A82}.Debug|Any CPU.Build.0 = Debug|Any CPU
		{AC9DF9B4-3122-4F63-9BF9-F4752AA35A82}.Release|Any CPU.ActiveCfg = Release|Any CPU
		{AC9DF9B4-3122-4F63-9BF9-F4752AA35A82}.Release|Any CPU.Build.0 = Release|Any CPU
	EndGlobalSection
	GlobalSection(SolutionProperties) = preSolution
		HideSolutionNode = FALSE
	EndGlobalSection
	GlobalSection(NestedProjects) = preSolution
		{CBDB6C02-5B6A-45E9-86BF-243E8D131DB2} = {9374C67C-03D0-4CA3-967B-96A429CC805D}
		{B3B8A4FB-C6DB-4851-9E87-FBE547DB316B} = {9374C67C-03D0-4CA3-967B-96A429CC805D}
	EndGlobalSection
	GlobalSection(ExtensibilityGlobals) = postSolution
		SolutionGuid = {C06FD4F8-25CB-4178-B567-3C273018AFAE}
	EndGlobalSection
EndGlobal
